<?xml version="1.0" encoding="utf-8"?>
<Project ToolsVersion="4.0" xmlns="http://schemas.microsoft.com/developer/msbuild/2003">
  <ItemGroup>
    <Filter Include="Source Files">
      <UniqueIdentifier>{4FC737F1-C7A5-4376-A066-2A32D752A2FF}</UniqueIdentifier>
      <Extensions>cpp;c;cc;cxx;c++;cppm;ixx;def;odl;idl;hpj;bat;asm;asmx</Extensions>
    </Filter>
    <Filter Include="Header Files">
      <UniqueIdentifier>{93995380-89BD-4b04-88EB-625FBE52EBFB}</UniqueIdentifier>
      <Extensions>h;hh;hpp;hxx;h++;hm;inl;inc;ipp;xsd</Extensions>
    </Filter>
    <Filter Include="Resource Files">
      <UniqueIdentifier>{67DA6AB6-F800-4c08-8B7A-83BB121AAD01}</UniqueIdentifier>
      <Extensions>rc;ico;cur;bmp;dlg;rc2;rct;bin;rgs;gif;jpg;jpeg;jpe;resx;tiff;tif;png;wav;mfcribbon-ms</Extensions>
    </Filter>
  </ItemGroup>
  <ItemGroup>
    <ClInclude Include="Include\Engine.h">
      <Filter>Header Files</Filter>
    </ClInclude>
    <ClInclude Include="Include\System\Window.h">
      <Filter>Header Files</Filter>
    </ClInclude>
    <ClInclude Include="Include\Graphics\Mesh.h">
      <Filter>Header Files</Filter>
    </ClInclude>
    <ClInclude Include="Include\Graphics\Shader.h">
      <Filter>Header Files</Filter>
    </ClInclude>
    <ClInclude Include="Include\Graphics\Graphics.h">
      <Filter>Header Files</Filter>
    </ClInclude>
    <ClInclude Include="Include\Graphics\Shaders\BasicShaders.h">
      <Filter>Header Files</Filter>
    </ClInclude>
    <ClInclude Include="Include\System\Input.h">
      <Filter>Header Files</Filter>
    </ClInclude>
    <ClInclude Include="Include\System\InputTypes.h">
      <Filter>Header Files</Filter>
    </ClInclude>
    <ClInclude Include="Include\Graphics\Texture.h">
      <Filter>Header Files</Filter>
    </ClInclude>
    <ClInclude Include="Include\Graphics\Textures\ImageTexture.h">
      <Filter>Header Files</Filter>
    </ClInclude>
    <ClInclude Include="Include\System\FileUtils.h">
      <Filter>Header Files</Filter>
    </ClInclude>
    <ClInclude Include="Include\Graphics\FrameBuffer.h">
      <Filter>Header Files</Filter>
    </ClInclude>
    <ClInclude Include="Include\Core\Transform.h">
      <Filter>Header Files</Filter>
    </ClInclude>
    <ClInclude Include="Include\Core\Camera.h">
      <Filter>Header Files</Filter>
    </ClInclude>
    <ClInclude Include="Include\Core\GameObject.h">
      <Filter>Header Files</Filter>
    </ClInclude>
    <ClInclude Include="Include\Core\Scene.h">
      <Filter>Header Files</Filter>
    </ClInclude>
    <ClInclude Include="Include\Asset\Asset.h">
      <Filter>Header Files</Filter>
    </ClInclude>
    <ClInclude Include="Include\Core\Layer.h">
      <Filter>Header Files</Filter>
    </ClInclude>
    <ClInclude Include="Include\System\Timer.h">
      <Filter>Header Files</Filter>
    </ClInclude>
    <ClInclude Include="Include\Audio\AudioTrack.h">
      <Filter>Header Files</Filter>
    </ClInclude>
    <ClInclude Include="Include\Editor\EditorUI.h">
      <Filter>Header Files</Filter>
    </ClInclude>
    <ClInclude Include="Include\Editor\EditorTab.h">
      <Filter>Header Files</Filter>
    </ClInclude>
    <ClInclude Include="Include\Editor\ImGui\imconfig.h">
      <Filter>Header Files</Filter>
    </ClInclude>
    <ClInclude Include="Include\Editor\ImGui\imgui.h">
      <Filter>Header Files</Filter>
    </ClInclude>
    <ClInclude Include="Include\Editor\ImGui\imgui_impl_opengl2.h">
      <Filter>Header Files</Filter>
    </ClInclude>
    <ClInclude Include="Include\Editor\ImGui\imgui_impl_opengl3.h">
      <Filter>Header Files</Filter>
    </ClInclude>
    <ClInclude Include="Include\Editor\ImGui\imgui_impl_opengl3_loader.h">
      <Filter>Header Files</Filter>
    </ClInclude>
    <ClInclude Include="Include\Editor\ImGui\imgui_impl_sdl2.h">
      <Filter>Header Files</Filter>
    </ClInclude>
    <ClInclude Include="Include\Editor\ImGui\imgui_internal.h">
      <Filter>Header Files</Filter>
    </ClInclude>
    <ClInclude Include="Include\Editor\ImGui\imstb_rectpack.h">
      <Filter>Header Files</Filter>
    </ClInclude>
    <ClInclude Include="Include\Editor\ImGui\imstb_textedit.h">
      <Filter>Header Files</Filter>
    </ClInclude>
    <ClInclude Include="Include\Editor\ImGui\imstb_truetype.h">
      <Filter>Header Files</Filter>
    </ClInclude>
    <ClInclude Include="Include\Editor\EditorTheme.h">
      <Filter>Header Files</Filter>
    </ClInclude>
    <ClInclude Include="Include\Editor\Tabs\ViewportTab.h">
      <Filter>Header Files</Filter>
    </ClInclude>
    <ClInclude Include="Include\Editor\UI\Props.h">
      <Filter>Header Files</Filter>
    </ClInclude>
    <ClInclude Include="Include\Editor\UI\Elements.h">
      <Filter>Header Files</Filter>
    </ClInclude>
    <ClInclude Include="Include\Asset\Object.h">
      <Filter>Header Files</Filter>
    </ClInclude>
    <ClInclude Include="Include\System\Dialogs.h">
      <Filter>Header Files</Filter>
    </ClInclude>
    <ClInclude Include="Include\System\File.h">
      <Filter>Header Files</Filter>
    </ClInclude>
  </ItemGroup>
  <ItemGroup>
    <ClCompile Include="Source\Engine.cpp">
      <Filter>Source Files</Filter>
    </ClCompile>
    <ClCompile Include="Source\System\Window.cpp">
      <Filter>Source Files</Filter>
    </ClCompile>
    <ClCompile Include="Source\Graphics\Mesh.cpp">
      <Filter>Source Files</Filter>
    </ClCompile>
    <ClCompile Include="Source\Graphics\Shader.cpp">
      <Filter>Source Files</Filter>
    </ClCompile>
    <ClCompile Include="Source\Graphics\Graphics.cpp">
      <Filter>Source Files</Filter>
    </ClCompile>
    <ClCompile Include="Source\System\Input.cpp">
      <Filter>Source Files</Filter>
    </ClCompile>
    <ClCompile Include="Source\Graphics\Texture.cpp">
      <Filter>Source Files</Filter>
    </ClCompile>
    <ClCompile Include="Source\Graphics\Textures\ImageTexture.cpp">
      <Filter>Source Files</Filter>
    </ClCompile>
    <ClCompile Include="Source\System\FileUtils.cpp">
      <Filter>Source Files</Filter>
    </ClCompile>
    <ClCompile Include="Source\Graphics\FrameBuffer.cpp">
      <Filter>Source Files</Filter>
    </ClCompile>
    <ClCompile Include="Source\Core\Transform.cpp">
      <Filter>Source Files</Filter>
    </ClCompile>
    <ClCompile Include="Source\Core\Camera.cpp">
      <Filter>Source Files</Filter>
    </ClCompile>
    <ClCompile Include="Source\Core\GameObject.cpp">
      <Filter>Source Files</Filter>
    </ClCompile>
    <ClCompile Include="Source\Core\Scene.cpp">
      <Filter>Source Files</Filter>
    </ClCompile>
    <ClCompile Include="Source\Asset\Asset.cpp">
      <Filter>Source Files</Filter>
    </ClCompile>
    <ClCompile Include="Source\Core\Layer.cpp">
      <Filter>Source Files</Filter>
    </ClCompile>
    <ClCompile Include="Source\System\Timer.cpp">
      <Filter>Source Files</Filter>
    </ClCompile>
    <ClCompile Include="Source\Audio\AudioTrack.cpp">
      <Filter>Source Files</Filter>
    </ClCompile>
    <ClCompile Include="Source\Editor\EditorUI.cpp">
      <Filter>Source Files</Filter>
    </ClCompile>
    <ClCompile Include="Source\Editor\EditorTab.cpp">
      <Filter>Source Files</Filter>
    </ClCompile>
    <ClCompile Include="Source\Editor\ImGui\imgui.cpp">
      <Filter>Source Files</Filter>
    </ClCompile>
    <ClCompile Include="Source\Editor\ImGui\imgui_demo.cpp">
      <Filter>Source Files</Filter>
    </ClCompile>
    <ClCompile Include="Source\Editor\ImGui\imgui_draw.cpp">
      <Filter>Source Files</Filter>
    </ClCompile>
    <ClCompile Include="Source\Editor\ImGui\imgui_impl_opengl2.cpp">
      <Filter>Source Files</Filter>
    </ClCompile>
    <ClCompile Include="Source\Editor\ImGui\imgui_impl_opengl3.cpp">
      <Filter>Source Files</Filter>
    </ClCompile>
    <ClCompile Include="Source\Editor\ImGui\imgui_impl_sdl2.cpp">
      <Filter>Source Files</Filter>
    </ClCompile>
    <ClCompile Include="Source\Editor\ImGui\imgui_tables.cpp">
      <Filter>Source Files</Filter>
    </ClCompile>
    <ClCompile Include="Source\Editor\ImGui\imgui_widgets.cpp">
      <Filter>Source Files</Filter>
    </ClCompile>
    <ClCompile Include="Source\Editor\EditorTheme.cpp">
      <Filter>Source Files</Filter>
    </ClCompile>
    <ClCompile Include="Source\Editor\Tabs\ViewportTab.cpp">
      <Filter>Source Files</Filter>
    </ClCompile>
    <ClCompile Include="Source\Editor\UI\Props.cpp">
      <Filter>Source Files</Filter>
    </ClCompile>
    <ClCompile Include="Source\Editor\UI\Elements.cpp">
      <Filter>Source Files</Filter>
    </ClCompile>
    <ClCompile Include="Source\Editor\UI\PropsTemplated.cpp">
      <Filter>Source Files</Filter>
    </ClCompile>
    <ClCompile Include="Source\Asset\Object.cpp">
      <Filter>Source Files</Filter>
    </ClCompile>
    <ClCompile Include="Source\System\Dialogs.cpp">
      <Filter>Source Files</Filter>
    </ClCompile>
    <ClCompile Include="Source\System\File.cpp">
      <Filter>Source Files</Filter>
    </ClCompile>
  </ItemGroup>
</Project>